<?xml version="1.0" encoding="utf-8"?>
<Project ToolsVersion="4.0" xmlns="http://schemas.microsoft.com/developer/msbuild/2003">
  <ItemGroup>
    <Filter Include="ソース ファイル">
      <UniqueIdentifier>{4FC737F1-C7A5-4376-A066-2A32D752A2FF}</UniqueIdentifier>
      <Extensions>cpp;c;cc;cxx;c++;cppm;ixx;def;odl;idl;hpj;bat;asm;asmx</Extensions>
    </Filter>
    <Filter Include="ヘッダー ファイル">
      <UniqueIdentifier>{93995380-89BD-4b04-88EB-625FBE52EBFB}</UniqueIdentifier>
      <Extensions>h;hh;hpp;hxx;h++;hm;inl;inc;ipp;xsd</Extensions>
    </Filter>
    <Filter Include="リソース ファイル">
      <UniqueIdentifier>{67DA6AB6-F800-4c08-8B7A-83BB121AAD01}</UniqueIdentifier>
      <Extensions>rc;ico;cur;bmp;dlg;rc2;rct;bin;rgs;gif;jpg;jpeg;jpe;resx;tiff;tif;png;wav;mfcribbon-ms</Extensions>
    </Filter>
    <Filter Include="imgui">
      <UniqueIdentifier>{74ffc2b9-539a-444a-b3c1-08d874188f12}</UniqueIdentifier>
    </Filter>
    <Filter Include="ソース ファイル\Engine">
      <UniqueIdentifier>{e165e998-d8c1-4088-95d9-a691bfb6828a}</UniqueIdentifier>
    </Filter>
    <Filter Include="ソース ファイル\Engine\Graphics">
      <UniqueIdentifier>{b54a4937-1736-4b7d-8ce1-d8c949f08052}</UniqueIdentifier>
    </Filter>
    <Filter Include="ソース ファイル\Engine\Graphics\Resource">
      <UniqueIdentifier>{0ce80164-4bc0-48ad-941e-0a063ba79d4c}</UniqueIdentifier>
    </Filter>
    <Filter Include="ソース ファイル\Engine\Graphics\Resource\Buffer">
      <UniqueIdentifier>{a2105a9a-34aa-4126-b9e0-63b92660b045}</UniqueIdentifier>
    </Filter>
    <Filter Include="ソース ファイル\Engine\Core">
      <UniqueIdentifier>{097e3540-8f22-4143-a9eb-cd572bb4dcf1}</UniqueIdentifier>
    </Filter>
    <Filter Include="ヘッダー ファイル\Engine">
      <UniqueIdentifier>{26434264-7869-4def-a27c-abbd0de12967}</UniqueIdentifier>
    </Filter>
    <Filter Include="ヘッダー ファイル\Engine\Math">
      <UniqueIdentifier>{fd460dee-ceac-4680-8430-3255ca89230b}</UniqueIdentifier>
    </Filter>
    <Filter Include="ヘッダー ファイル\Engine\Graphics">
      <UniqueIdentifier>{63ba5001-517c-481c-86fc-85fc645b1aea}</UniqueIdentifier>
    </Filter>
    <Filter Include="ヘッダー ファイル\Engine\Graphics\Pipeline">
      <UniqueIdentifier>{1b1bdb56-b2c3-455f-ab0c-787111324332}</UniqueIdentifier>
    </Filter>
    <Filter Include="ヘッダー ファイル\Engine\Graphics\Resource">
      <UniqueIdentifier>{d270300b-cf03-4cbf-b3f6-eda41abd69e1}</UniqueIdentifier>
    </Filter>
    <Filter Include="ヘッダー ファイル\Engine\Graphics\Resource\Buffer">
      <UniqueIdentifier>{8364b318-a514-4b3e-8a76-fa7fb85b0d29}</UniqueIdentifier>
    </Filter>
    <Filter Include="ヘッダー ファイル\Engine\Core">
      <UniqueIdentifier>{0515e9c3-8994-4079-9b7c-c742faf60ca5}</UniqueIdentifier>
    </Filter>
    <Filter Include="ヘッダー ファイル\Engine\Utility">
      <UniqueIdentifier>{84d15dde-e13c-47f0-b2ab-e007a206514b}</UniqueIdentifier>
    </Filter>
    <Filter Include="ヘッダー ファイル\Engine\Graphics\RenderCore">
      <UniqueIdentifier>{e3553ea6-c30d-4ab4-a6c0-da100f4bf223}</UniqueIdentifier>
    </Filter>
    <Filter Include="ソース ファイル\Engine\Graphics\Asset">
      <UniqueIdentifier>{cdbfc970-50a0-4209-ae47-f9d5ee34ae70}</UniqueIdentifier>
    </Filter>
    <Filter Include="ソース ファイル\Engine\Graphics\Core">
      <UniqueIdentifier>{86fba6c8-9e42-449f-b84f-77fda72a86f3}</UniqueIdentifier>
    </Filter>
    <Filter Include="ソース ファイル\Engine\Graphics\Frame">
      <UniqueIdentifier>{db222939-63e4-4daf-9917-02cfb7455b22}</UniqueIdentifier>
    </Filter>
    <Filter Include="ソース ファイル\Engine\Graphics\Pipeline">
      <UniqueIdentifier>{038b2de2-6024-48b3-9f56-92acd344eb65}</UniqueIdentifier>
    </Filter>
    <Filter Include="ソース ファイル\Engine\Graphics\RenderCore">
      <UniqueIdentifier>{03acc38f-8af8-4dbd-83fc-35d1cadcca43}</UniqueIdentifier>
    </Filter>
    <Filter Include="ソース ファイル\Engine\Graphics\Renderer">
      <UniqueIdentifier>{1e4573b5-28b2-4049-91b5-4aaa934dca55}</UniqueIdentifier>
    </Filter>
    <Filter Include="ソース ファイル\Engine\Graphics\ImGui">
      <UniqueIdentifier>{f7fd1006-c4da-47cc-b6ef-87c13d5ecc1a}</UniqueIdentifier>
    </Filter>
    <Filter Include="ヘッダー ファイル\Engine\Graphics\Core">
      <UniqueIdentifier>{15f33364-add9-4a3f-8a7d-1ac4c40f44f8}</UniqueIdentifier>
    </Filter>
    <Filter Include="ヘッダー ファイル\Engine\Graphics\ImGui">
      <UniqueIdentifier>{37c6ef26-0d00-4cb9-a66a-e7213f9fbedd}</UniqueIdentifier>
    </Filter>
    <Filter Include="ヘッダー ファイル\Engine\Graphics\Frame">
      <UniqueIdentifier>{c50530ea-0b04-4143-988a-c939c9d4feae}</UniqueIdentifier>
    </Filter>
    <Filter Include="ヘッダー ファイル\Engine\Graphics\Asset">
      <UniqueIdentifier>{0b4855d0-8c04-48f7-80e6-135514ddaa1c}</UniqueIdentifier>
    </Filter>
    <Filter Include="ヘッダー ファイル\Engine\Graphics\Renderer">
      <UniqueIdentifier>{e3bef938-9598-4743-a37b-17755c588c66}</UniqueIdentifier>
    </Filter>
    <Filter Include="ヘッダー ファイル\Engine\Graphics\RenderCore\Mesh">
      <UniqueIdentifier>{3d3212c5-6d43-48f7-b9c3-654baa2349cd}</UniqueIdentifier>
    </Filter>
  </ItemGroup>
  <ItemGroup>
    <ClCompile Include="main.cpp">
      <Filter>ソース ファイル</Filter>
    </ClCompile>
    <ClCompile Include="externals\imgui\imgui_widgets.cpp">
      <Filter>imgui</Filter>
    </ClCompile>
    <ClCompile Include="externals\imgui\imgui_impl_win32.cpp">
      <Filter>imgui</Filter>
    </ClCompile>
    <ClCompile Include="externals\imgui\imgui_impl_dx12.cpp">
      <Filter>imgui</Filter>
    </ClCompile>
    <ClCompile Include="externals\imgui\imgui.cpp">
      <Filter>imgui</Filter>
    </ClCompile>
    <ClCompile Include="externals\imgui\imgui_demo.cpp">
      <Filter>imgui</Filter>
    </ClCompile>
    <ClCompile Include="externals\imgui\imgui_draw.cpp">
      <Filter>imgui</Filter>
    </ClCompile>
    <ClCompile Include="externals\imgui\imgui_tables.cpp">
      <Filter>imgui</Filter>
    </ClCompile>
    <ClCompile Include="ImGuiManager.cpp">
      <Filter>ソース ファイル\Engine\Graphics\ImGui</Filter>
    </ClCompile>
    <ClCompile Include="ConvertString.cpp">
      <Filter>ソース ファイル\Engine\Core</Filter>
    </ClCompile>
    <ClCompile Include="CrashHandler.cpp">
      <Filter>ソース ファイル\Engine\Core</Filter>
    </ClCompile>
    <ClCompile Include="Logger.cpp">
      <Filter>ソース ファイル\Engine\Core</Filter>
    </ClCompile>
    <ClCompile Include="WinApp.cpp">
      <Filter>ソース ファイル\Engine\Core</Filter>
    </ClCompile>
    <ClCompile Include="DirectXDevice.cpp">
      <Filter>ソース ファイル\Engine\Graphics\Core</Filter>
    </ClCompile>
    <ClCompile Include="CommandContext.cpp">
      <Filter>ソース ファイル\Engine\Graphics\Core</Filter>
    </ClCompile>
    <ClCompile Include="Fence.cpp">
      <Filter>ソース ファイル\Engine\Graphics\Core</Filter>
    </ClCompile>
    <ClCompile Include="DescriptorHeap.cpp">
      <Filter>ソース ファイル\Engine\Graphics\Core</Filter>
    </ClCompile>
    <ClCompile Include="SwapChain.cpp">
      <Filter>ソース ファイル\Engine\Graphics\Frame</Filter>
    </ClCompile>
    <ClCompile Include="GraphicsPipeline.cpp">
      <Filter>ソース ファイル\Engine\Graphics\Pipeline</Filter>
    </ClCompile>
    <ClCompile Include="RootSignature.cpp">
      <Filter>ソース ファイル\Engine\Graphics\Pipeline</Filter>
    </ClCompile>
    <ClCompile Include="BlendState.cpp">
      <Filter>ソース ファイル\Engine\Graphics\Pipeline</Filter>
    </ClCompile>
    <ClCompile Include="RasterizerState.cpp">
      <Filter>ソース ファイル\Engine\Graphics\Pipeline</Filter>
    </ClCompile>
    <ClCompile Include="DepthStencilState.cpp">
      <Filter>ソース ファイル\Engine\Graphics\Pipeline</Filter>
    </ClCompile>
    <ClCompile Include="InputLayout.cpp">
      <Filter>ソース ファイル\Engine\Graphics\Pipeline</Filter>
    </ClCompile>
    <ClCompile Include="DepthStencil.cpp">
      <Filter>ソース ファイル\Engine\Graphics\Frame</Filter>
    </ClCompile>
    <ClCompile Include="ConstantBuffer.cpp">
      <Filter>ソース ファイル\Engine\Graphics\Resource\Buffer</Filter>
    </ClCompile>
    <ClCompile Include="IndexBuffer.cpp">
      <Filter>ソース ファイル\Engine\Graphics\Resource\Buffer</Filter>
    </ClCompile>
    <ClCompile Include="VertexBuffer.cpp">
      <Filter>ソース ファイル\Engine\Graphics\Resource\Buffer</Filter>
    </ClCompile>
    <ClCompile Include="Shader.cpp">
      <Filter>ソース ファイル\Engine\Graphics\Resource</Filter>
    </ClCompile>
    <ClCompile Include="Texture.cpp">
      <Filter>ソース ファイル\Engine\Graphics\Resource</Filter>
    </ClCompile>
    <ClCompile Include="RenderTargetViews.cpp">
      <Filter>ソース ファイル\Engine\Graphics\Frame</Filter>
    </ClCompile>
    <ClCompile Include="CompileShader.cpp">
      <Filter>ソース ファイル\Engine\Graphics\Pipeline</Filter>
    </ClCompile>
    <ClCompile Include="Material.cpp">
      <Filter>ソース ファイル\Engine\Graphics\RenderCore</Filter>
    </ClCompile>
    <ClCompile Include="DirectXCommon.cpp">
      <Filter>ソース ファイル\Engine\Graphics\Core</Filter>
    </ClCompile>
    <ClCompile Include="ViewportState.cpp">
      <Filter>ソース ファイル\Engine\Graphics\Frame</Filter>
    </ClCompile>
  </ItemGroup>
  <ItemGroup>
    <None Include=".gitignore">
      <Filter>ソース ファイル</Filter>
    </None>
    <None Include="exclusion.dic" />
    <None Include="Object3d.hlsli" />
  </ItemGroup>
  <ItemGroup>
    <FxCompile Include="Object3d.PS.hlsl" />
    <FxCompile Include="Object3d.VS.hlsl" />
  </ItemGroup>
  <ItemGroup>
    <ClInclude Include="externals\imgui\imstb_rectpack.h">
      <Filter>imgui</Filter>
    </ClInclude>
    <ClInclude Include="externals\imgui\imstb_textedit.h">
      <Filter>imgui</Filter>
    </ClInclude>
    <ClInclude Include="externals\imgui\imstb_truetype.h">
      <Filter>imgui</Filter>
    </ClInclude>
    <ClInclude Include="externals\imgui\imgui_impl_win32.h">
      <Filter>imgui</Filter>
    </ClInclude>
    <ClInclude Include="externals\imgui\imgui_impl_dx12.h">
      <Filter>imgui</Filter>
    </ClInclude>
    <ClInclude Include="externals\imgui\imconfig.h">
      <Filter>imgui</Filter>
    </ClInclude>
    <ClInclude Include="externals\imgui\imgui.h">
      <Filter>imgui</Filter>
    </ClInclude>
    <ClInclude Include="externals\imgui\imgui_internal.h">
      <Filter>imgui</Filter>
    </ClInclude>
    <ClInclude Include="RootSignature.h">
      <Filter>ヘッダー ファイル\Engine\Graphics\Pipeline</Filter>
    </ClInclude>
    <ClInclude Include="InputLayout.h">
      <Filter>ヘッダー ファイル\Engine\Graphics\Pipeline</Filter>
    </ClInclude>
    <ClInclude Include="BlendState.h">
      <Filter>ヘッダー ファイル\Engine\Graphics\Pipeline</Filter>
    </ClInclude>
    <ClInclude Include="Shader.h">
      <Filter>ヘッダー ファイル\Engine\Graphics\Resource</Filter>
    </ClInclude>
    <ClInclude Include="RasterizerState.h">
      <Filter>ヘッダー ファイル\Engine\Graphics\Pipeline</Filter>
    </ClInclude>
    <ClInclude Include="GraphicsPipeline.h">
      <Filter>ヘッダー ファイル\Engine\Graphics\Pipeline</Filter>
    </ClInclude>
    <ClInclude Include="DepthStencilState.h">
      <Filter>ヘッダー ファイル\Engine\Graphics\Pipeline</Filter>
    </ClInclude>
    <ClInclude Include="VertexBuffer.h">
      <Filter>ヘッダー ファイル\Engine\Graphics\Resource\Buffer</Filter>
    </ClInclude>
    <ClInclude Include="ResourceUtils.h">
      <Filter>ヘッダー ファイル\Engine\Utility</Filter>
    </ClInclude>
    <ClInclude Include="IndexBuffer.h">
      <Filter>ヘッダー ファイル\Engine\Graphics\Resource\Buffer</Filter>
    </ClInclude>
    <ClInclude Include="ConstantBuffer.h">
      <Filter>ヘッダー ファイル\Engine\Graphics\Resource\Buffer</Filter>
    </ClInclude>
    <ClInclude Include="ColorUtility.h">
      <Filter>ヘッダー ファイル\Engine\Utility</Filter>
    </ClInclude>
    <ClInclude Include="ImGuiManager.h">
      <Filter>ヘッダー ファイル\Engine\Graphics\ImGui</Filter>
    </ClInclude>
    <ClInclude Include="Texture.h">
      <Filter>ヘッダー ファイル\Engine\Graphics\Resource</Filter>
    </ClInclude>
    <ClInclude Include="Vector2.h">
      <Filter>ヘッダー ファイル\Engine\Math</Filter>
    </ClInclude>
    <ClInclude Include="Vector3.h">
      <Filter>ヘッダー ファイル\Engine\Math</Filter>
    </ClInclude>
    <ClInclude Include="Vector4.h">
      <Filter>ヘッダー ファイル\Engine\Math</Filter>
    </ClInclude>
    <ClInclude Include="MathFunctions.h">
      <Filter>ヘッダー ファイル\Engine\Math</Filter>
    </ClInclude>
    <ClInclude Include="Matrix3x3.h">
      <Filter>ヘッダー ファイル\Engine\Math</Filter>
    </ClInclude>
    <ClInclude Include="Matrix4x4.h">
      <Filter>ヘッダー ファイル\Engine\Math</Filter>
    </ClInclude>
    <ClInclude Include="CommandContext.h">
      <Filter>ヘッダー ファイル\Engine\Graphics\Core</Filter>
    </ClInclude>
    <ClInclude Include="WinApp.h">
      <Filter>ヘッダー ファイル\Engine\Core</Filter>
    </ClInclude>
    <ClInclude Include="Logger.h">
      <Filter>ヘッダー ファイル\Engine\Core</Filter>
    </ClInclude>
    <ClInclude Include="CrashHandler.h">
      <Filter>ヘッダー ファイル\Engine\Core</Filter>
    </ClInclude>
    <ClInclude Include="ConvertString.h">
      <Filter>ヘッダー ファイル\Engine\Core</Filter>
    </ClInclude>
    <ClInclude Include="DirectXDevice.h">
      <Filter>ヘッダー ファイル\Engine\Graphics\Core</Filter>
    </ClInclude>
    <ClInclude Include="DirectXCommon.h">
      <Filter>ヘッダー ファイル\Engine\Graphics\Core</Filter>
    </ClInclude>
    <ClInclude Include="DescriptorHeap.h">
      <Filter>ヘッダー ファイル\Engine\Graphics\Core</Filter>
    </ClInclude>
    <ClInclude Include="Fence.h">
      <Filter>ヘッダー ファイル\Engine\Graphics\Core</Filter>
    </ClInclude>
    <ClInclude Include="SwapChain.h">
      <Filter>ヘッダー ファイル\Engine\Graphics\Frame</Filter>
    </ClInclude>
    <ClInclude Include="RenderTargetViews.h">
      <Filter>ヘッダー ファイル\Engine\Graphics\Frame</Filter>
    </ClInclude>
    <ClInclude Include="DepthStencil.h">
      <Filter>ヘッダー ファイル\Engine\Graphics\Frame</Filter>
    </ClInclude>
    <ClInclude Include="Material.h">
      <Filter>ヘッダー ファイル\Engine\Graphics\RenderCore</Filter>
    </ClInclude>
    <ClInclude Include="CompileShader.h">
      <Filter>ヘッダー ファイル\Engine\Graphics\Pipeline</Filter>
    </ClInclude>
    <ClInclude Include="ViewportState.h">
      <Filter>ヘッダー ファイル\Engine\Graphics\Frame</Filter>
    </ClInclude>
    <ClInclude Include="VertexData.h">
      <Filter>ヘッダー ファイル\Engine\Graphics\RenderCore\Mesh</Filter>
    </ClInclude>
  </ItemGroup>
  <ItemGroup>
    <Text Include="externals\imgui\LICENSE.txt">
      <Filter>imgui</Filter>
    </Text>
  </ItemGroup>
</Project>